{
  "name": "slime-modal",
  "version": "0.2.6",
  "lockfileVersion": 1,
  "requires": true,
  "dependencies": {
    "@types/body-scroll-lock": {
      "version": "2.6.1",
      "resolved": "https://registry.npmjs.org/@types/body-scroll-lock/-/body-scroll-lock-2.6.1.tgz",
      "integrity": "sha512-PPFm/2A6LfKmSpvMg58gHtSqwwMChbcKKGhSCRIhY4MyFzhY8moAN6HrTCpOeZQUqkFdTFfMqr7njeqGLKt72Q=="
    },
    "body-scroll-lock": {
      "version": "3.1.5",
      "resolved": "https://registry.npmjs.org/body-scroll-lock/-/body-scroll-lock-3.1.5.tgz",
      "integrity": "sha512-Yi1Xaml0EvNA0OYWxXiYNqY24AfWkbA6w5vxE7GWxtKfzIbZM+Qw+aSmkgsbWzbHiy/RCSkUZBplVxTA+E4jJg=="
    },
    "perfect-scrollbar": {
      "version": "1.5.0",
      "resolved": "https://registry.npmjs.org/perfect-scrollbar/-/perfect-scrollbar-1.5.0.tgz",
      "integrity": "sha512-NrNHJn5mUGupSiheBTy6x+6SXCFbLlm8fVZh9moIzw/LgqElN5q4ncR4pbCBCYuCJ8Kcl9mYM0NgDxvW+b4LxA=="
    }
  }
}
